
Microsoft Visual Studio Solution File, Format Version 12.00
# Visual Studio 15
VisualStudioVersion = 15.0.28307.572
MinimumVisualStudioVersion = 10.0.40219.1
Project("{8BC9CEB8-8B4A-11D0-8D11-00A0C91BC942}") = "OpenGLTutorial", "OpenGLTutorial\OpenGLTutorial.vcxproj", "{536E9063-1F28-409E-9464-8901EFAB260B}"
EndProject
Global
	GlobalSection(SolutionConfigurationPlatforms) = preSolution
		Debug|x64 = Debug|x64
		Debug|x86 = Debug|x86
		Release|x64 = Release|x64
		Release|x86 = Release|x86
	EndGlobalSection
	GlobalSection(ProjectConfigurationPlatforms) = postSolution
		{536E9063-1F28-409E-9464-8901EFAB260B}.Debug|x64.ActiveCfg = Debug|x64
		{536E9063-1F28-409E-9464-8901EFAB260B}.Debug|x64.Build.0 = Debug|x64
		{536E9063-1F28-409E-9464-8901EFAB260B}.Debug|x86.ActiveCfg = Debug|Win32
		{536E9063-1F28-409E-9464-8901EFAB260B}.Debug|x86.Build.0 = Debug|Win32
		{536E9063-1F28-409E-9464-8901EFAB260B}.Release|x64.ActiveCfg = Release|x64
		{536E9063-1F28-409E-9464-8901EFAB260B}.Release|x64.Build.0 = Release|x64
		{536E9063-1F28-409E-9464-8901EFAB260B}.Release|x86.ActiveCfg = Release|Win32
		{536E9063-1F28-409E-9464-8901EFAB260B}.Release|x86.Build.0 = Release|Win32
	EndGlobalSection
	GlobalSection(SolutionProperties) = preSolution
		HideSolutionNode = FALSE
	EndGlobalSection
	GlobalSection(ExtensibilityGlobals) = postSolution
		SolutionGuid = {ABDD0D69-6C08-480C-93ED-6C656FDDD471}
	EndGlobalSection
EndGlobal
