
Microsoft Visual Studio Solution File, Format Version 12.00
# Visual Studio 15
VisualStudioVersion = 15.0.27703.2018
MinimumVisualStudioVersion = 10.0.40219.1
Project("{FAE04EC0-301F-11D3-BF4B-00C04F79EFBC}") = "UnmanagedCode", "UnmanagedCode\UnmanagedCode.csproj", "{246C1BD5-16E5-42C9-A791-B1F0400739D4}"
EndProject
Project("{FAE04EC0-301F-11D3-BF4B-00C04F79EFBC}") = "GenericTest", "GenericTest\GenericTest.csproj", "{58287356-A63F-416B-8E6B-6286F5348CB4}"
EndProject
Project("{FAE04EC0-301F-11D3-BF4B-00C04F79EFBC}") = "Collections", "Collections\Collections.csproj", "{973078AC-675A-4BC7-B8B1-46ABE367131B}"
EndProject
Project("{FAE04EC0-301F-11D3-BF4B-00C04F79EFBC}") = "Delegate", "Delegate\Delegate.csproj", "{AA6177B0-7BEE-49DC-AE6F-8545858BAB5D}"
EndProject
Global
	GlobalSection(SolutionConfigurationPlatforms) = preSolution
		Debug|Any CPU = Debug|Any CPU
		Release|Any CPU = Release|Any CPU
	EndGlobalSection
	GlobalSection(ProjectConfigurationPlatforms) = postSolution
		{246C1BD5-16E5-42C9-A791-B1F0400739D4}.Debug|Any CPU.ActiveCfg = Debug|Any CPU
		{246C1BD5-16E5-42C9-A791-B1F0400739D4}.Debug|Any CPU.Build.0 = Debug|Any CPU
		{246C1BD5-16E5-42C9-A791-B1F0400739D4}.Release|Any CPU.ActiveCfg = Release|Any CPU
		{246C1BD5-16E5-42C9-A791-B1F0400739D4}.Release|Any CPU.Build.0 = Release|Any CPU
		{58287356-A63F-416B-8E6B-6286F5348CB4}.Debug|Any CPU.ActiveCfg = Debug|Any CPU
		{58287356-A63F-416B-8E6B-6286F5348CB4}.Debug|Any CPU.Build.0 = Debug|Any CPU
		{58287356-A63F-416B-8E6B-6286F5348CB4}.Release|Any CPU.ActiveCfg = Release|Any CPU
		{58287356-A63F-416B-8E6B-6286F5348CB4}.Release|Any CPU.Build.0 = Release|Any CPU
		{973078AC-675A-4BC7-B8B1-46ABE367131B}.Debug|Any CPU.ActiveCfg = Debug|Any CPU
		{973078AC-675A-4BC7-B8B1-46ABE367131B}.Debug|Any CPU.Build.0 = Debug|Any CPU
		{973078AC-675A-4BC7-B8B1-46ABE367131B}.Release|Any CPU.ActiveCfg = Release|Any CPU
		{973078AC-675A-4BC7-B8B1-46ABE367131B}.Release|Any CPU.Build.0 = Release|Any CPU
		{AA6177B0-7BEE-49DC-AE6F-8545858BAB5D}.Debug|Any CPU.ActiveCfg = Debug|Any CPU
		{AA6177B0-7BEE-49DC-AE6F-8545858BAB5D}.Debug|Any CPU.Build.0 = Debug|Any CPU
		{AA6177B0-7BEE-49DC-AE6F-8545858BAB5D}.Release|Any CPU.ActiveCfg = Release|Any CPU
		{AA6177B0-7BEE-49DC-AE6F-8545858BAB5D}.Release|Any CPU.Build.0 = Release|Any CPU
	EndGlobalSection
	GlobalSection(SolutionProperties) = preSolution
		HideSolutionNode = FALSE
	EndGlobalSection
	GlobalSection(ExtensibilityGlobals) = postSolution
		SolutionGuid = {1FCFCEAE-811C-433F-BF49-E663F83E691F}
	EndGlobalSection
EndGlobal
