
Microsoft Visual Studio Solution File, Format Version 12.00
# Visual Studio 15
VisualStudioVersion = 15.0.27703.2018
MinimumVisualStudioVersion = 10.0.40219.1
Project("{FAE04EC0-301F-11D3-BF4B-00C04F79EFBC}") = "HelloWorldApp", "HelloWorldApp\HelloWorldApp.csproj", "{86E5E215-4FB8-4643-9406-8306715AC124}"
EndProject
Global
	GlobalSection(SolutionConfigurationPlatforms) = preSolution
		Debug|Any CPU = Debug|Any CPU
		Release|Any CPU = Release|Any CPU
	EndGlobalSection
	GlobalSection(ProjectConfigurationPlatforms) = postSolution
		{86E5E215-4FB8-4643-9406-8306715AC124}.Debug|Any CPU.ActiveCfg = Debug|Any CPU
		{86E5E215-4FB8-4643-9406-8306715AC124}.Debug|Any CPU.Build.0 = Debug|Any CPU
		{86E5E215-4FB8-4643-9406-8306715AC124}.Release|Any CPU.ActiveCfg = Release|Any CPU
		{86E5E215-4FB8-4643-9406-8306715AC124}.Release|Any CPU.Build.0 = Release|Any CPU
	EndGlobalSection
	GlobalSection(SolutionProperties) = preSolution
		HideSolutionNode = FALSE
	EndGlobalSection
	GlobalSection(ExtensibilityGlobals) = postSolution
		SolutionGuid = {886CCBCA-8A31-49CD-8122-E0DD4C588254}
	EndGlobalSection
EndGlobal
